// !$*UTF8*$!
{
	archiveVersion = 1;
	classes = {
	};
	objectVersion = 46;
	objects = {

/* Begin PBXBuildFile section */
		A9BC13DD1C7246620035CB41 /* AppDelegate.swift in Sources */ = {isa = PBXBuildFile; fileRef = A9BC13DC1C7246620035CB41 /* AppDelegate.swift */; };
		A9BC13DF1C7246620035CB41 /* ViewController.swift in Sources */ = {isa = PBXBuildFile; fileRef = A9BC13DE1C7246620035CB41 /* ViewController.swift */; };
		A9BC13E21C7246620035CB41 /* Main.storyboard in Resources */ = {isa = PBXBuildFile; fileRef = A9BC13E01C7246620035CB41 /* Main.storyboard */; };
		A9BC13E41C7246620035CB41 /* Assets.xcassets in Resources */ = {isa = PBXBuildFile; fileRef = A9BC13E31C7246620035CB41 /* Assets.xcassets */; };
		A9BC13E71C7246620035CB41 /* LaunchScreen.storyboard in Resources */ = {isa = PBXBuildFile; fileRef = A9BC13E51C7246620035CB41 /* LaunchScreen.storyboard */; };
		A9BC140B1C72467E0035CB41 /* MainScene.sks in Resources */ = {isa = PBXBuildFile; fileRef = A9BC140A1C72467E0035CB41 /* MainScene.sks */; };
		A9BC14181C724B6B0035CB41 /* Main.storyboard in Resources */ = {isa = PBXBuildFile; fileRef = A9BC14161C724B6B0035CB41 /* Main.storyboard */; };
		A9BC141A1C724B6B0035CB41 /* Assets.xcassets in Resources */ = {isa = PBXBuildFile; fileRef = A9BC14191C724B6B0035CB41 /* Assets.xcassets */; };
		A9BC143B1C724C710035CB41 /* ViewController.swift in Sources */ = {isa = PBXBuildFile; fileRef = A9BC13DE1C7246620035CB41 /* ViewController.swift */; };
		A9BC143C1C724C740035CB41 /* AppDelegate.swift in Sources */ = {isa = PBXBuildFile; fileRef = A9BC13DC1C7246620035CB41 /* AppDelegate.swift */; };
		A9BC143D1C724C790035CB41 /* MainScene.sks in Resources */ = {isa = PBXBuildFile; fileRef = A9BC140A1C72467E0035CB41 /* MainScene.sks */; };
/* End PBXBuildFile section */

/* Begin PBXContainerItemProxy section */
		A9BC13EE1C7246620035CB41 /* PBXContainerItemProxy */ = {
			isa = PBXContainerItemProxy;
			containerPortal = A9BC13D11C7246620035CB41 /* Project object */;
			proxyType = 1;
			remoteGlobalIDString = A9BC13D81C7246620035CB41;
			remoteInfo = SpriteKitDemo;
		};
		A9BC13F91C7246620035CB41 /* PBXContainerItemProxy */ = {
			isa = PBXContainerItemProxy;
			containerPortal = A9BC13D11C7246620035CB41 /* Project object */;
			proxyType = 1;
			remoteGlobalIDString = A9BC13D81C7246620035CB41;
			remoteInfo = SpriteKitDemo;
		};
		A9BC14211C724B6C0035CB41 /* PBXContainerItemProxy */ = {
			isa = PBXContainerItemProxy;
			containerPortal = A9BC13D11C7246620035CB41 /* Project object */;
			proxyType = 1;
			remoteGlobalIDString = A9BC140F1C724B6B0035CB41;
			remoteInfo = SpriteKitDemoTvOS;
		};
		A9BC142C1C724B6C0035CB41 /* PBXContainerItemProxy */ = {
			isa = PBXContainerItemProxy;
			containerPortal = A9BC13D11C7246620035CB41 /* Project object */;
			proxyType = 1;
			remoteGlobalIDString = A9BC140F1C724B6B0035CB41;
			remoteInfo = SpriteKitDemoTvOS;
		};
/* End PBXContainerItemProxy section */

/* Begin PBXFileReference section */
		A9BC13D91C7246620035CB41 /* SpriteKitDemo.app */ = {isa = PBXFileReference; explicitFileType = wrapper.application; includeInIndex = 0; path = SpriteKitDemo.app; sourceTree = BUILT_PRODUCTS_DIR; };
		A9BC13DC1C7246620035CB41 /* AppDelegate.swift */ = {isa = PBXFileReference; lastKnownFileType = sourcecode.swift; path = AppDelegate.swift; sourceTree = "<group>"; };
		A9BC13DE1C7246620035CB41 /* ViewController.swift */ = {isa = PBXFileReference; lastKnownFileType = sourcecode.swift; path = ViewController.swift; sourceTree = "<group>"; };
		A9BC13E11C7246620035CB41 /* Base */ = {isa = PBXFileReference; lastKnownFileType = file.storyboard; name = Base; path = Base.lproj/Main.storyboard; sourceTree = "<group>"; };
		A9BC13E31C7246620035CB41 /* Assets.xcassets */ = {isa = PBXFileReference; lastKnownFileType = folder.assetcatalog; path = Assets.xcassets; sourceTree = "<group>"; };
		A9BC13E61C7246620035CB41 /* Base */ = {isa = PBXFileReference; lastKnownFileType = file.storyboard; name = Base; path = Base.lproj/LaunchScreen.storyboard; sourceTree = "<group>"; };
		A9BC13E81C7246620035CB41 /* Info.plist */ = {isa = PBXFileReference; lastKnownFileType = text.plist.xml; path = Info.plist; sourceTree = "<group>"; };
		A9BC13ED1C7246620035CB41 /* SpriteKitDemoTests.xctest */ = {isa = PBXFileReference; explicitFileType = wrapper.cfbundle; includeInIndex = 0; path = SpriteKitDemoTests.xctest; sourceTree = BUILT_PRODUCTS_DIR; };
		A9BC13F81C7246620035CB41 /* SpriteKitDemoUITests.xctest */ = {isa = PBXFileReference; explicitFileType = wrapper.cfbundle; includeInIndex = 0; path = SpriteKitDemoUITests.xctest; sourceTree = BUILT_PRODUCTS_DIR; };
		A9BC140A1C72467E0035CB41 /* MainScene.sks */ = {isa = PBXFileReference; lastKnownFileType = file.sks; path = MainScene.sks; sourceTree = "<group>"; };
		A9BC14101C724B6B0035CB41 /* SpriteKitDemoTvOS.app */ = {isa = PBXFileReference; explicitFileType = wrapper.application; includeInIndex = 0; path = SpriteKitDemoTvOS.app; sourceTree = BUILT_PRODUCTS_DIR; };
		A9BC14171C724B6B0035CB41 /* Base */ = {isa = PBXFileReference; lastKnownFileType = file.storyboard; name = Base; path = Base.lproj/Main.storyboard; sourceTree = "<group>"; };
		A9BC14191C724B6B0035CB41 /* Assets.xcassets */ = {isa = PBXFileReference; lastKnownFileType = folder.assetcatalog; path = Assets.xcassets; sourceTree = "<group>"; };
		A9BC141B1C724B6B0035CB41 /* Info.plist */ = {isa = PBXFileReference; lastKnownFileType = text.plist.xml; path = Info.plist; sourceTree = "<group>"; };
		A9BC14201C724B6C0035CB41 /* SpriteKitDemoTvOSTests.xctest */ = {isa = PBXFileReference; explicitFileType = wrapper.cfbundle; includeInIndex = 0; path = SpriteKitDemoTvOSTests.xctest; sourceTree = BUILT_PRODUCTS_DIR; };
		A9BC142B1C724B6C0035CB41 /* SpriteKitDemoTvOSUITests.xctest */ = {isa = PBXFileReference; explicitFileType = wrapper.cfbundle; includeInIndex = 0; path = SpriteKitDemoTvOSUITests.xctest; sourceTree = BUILT_PRODUCTS_DIR; };
/* End PBXFileReference section */

/* Begin PBXFrameworksBuildPhase section */
		A9BC13D61C7246620035CB41 /* Frameworks */ = {
			isa = PBXFrameworksBuildPhase;
			buildActionMask = 2147483647;
			files = (
			);
			runOnlyForDeploymentPostprocessing = 0;
		};
		A9BC13EA1C7246620035CB41 /* Frameworks */ = {
			isa = PBXFrameworksBuildPhase;
			buildActionMask = 2147483647;
			files = (
			);
			runOnlyForDeploymentPostprocessing = 0;
		};
		A9BC13F51C7246620035CB41 /* Frameworks */ = {
			isa = PBXFrameworksBuildPhase;
			buildActionMask = 2147483647;
			files = (
			);
			runOnlyForDeploymentPostprocessing = 0;
		};
		A9BC140D1C724B6B0035CB41 /* Frameworks */ = {
			isa = PBXFrameworksBuildPhase;
			buildActionMask = 2147483647;
			files = (
			);
			runOnlyForDeploymentPostprocessing = 0;
		};
		A9BC141D1C724B6C0035CB41 /* Frameworks */ = {
			isa = PBXFrameworksBuildPhase;
			buildActionMask = 2147483647;
			files = (
			);
			runOnlyForDeploymentPostprocessing = 0;
		};
		A9BC14281C724B6C0035CB41 /* Frameworks */ = {
			isa = PBXFrameworksBuildPhase;
			buildActionMask = 2147483647;
			files = (
			);
			runOnlyForDeploymentPostprocessing = 0;
		};
/* End PBXFrameworksBuildPhase section */

/* Begin PBXGroup section */
		A9BC13D01C7246620035CB41 = {
			isa = PBXGroup;
			children = (
				A9BC13DB1C7246620035CB41 /* SpriteKitDemo */,
				A9BC14111C724B6B0035CB41 /* SpriteKitDemoTvOS */,
				A9BC13DA1C7246620035CB41 /* Products */,
			);
			sourceTree = "<group>";
		};
		A9BC13DA1C7246620035CB41 /* Products */ = {
			isa = PBXGroup;
			children = (
				A9BC13D91C7246620035CB41 /* SpriteKitDemo.app */,
				A9BC13ED1C7246620035CB41 /* SpriteKitDemoTests.xctest */,
				A9BC13F81C7246620035CB41 /* SpriteKitDemoUITests.xctest */,
				A9BC14101C724B6B0035CB41 /* SpriteKitDemoTvOS.app */,
				A9BC14201C724B6C0035CB41 /* SpriteKitDemoTvOSTests.xctest */,
				A9BC142B1C724B6C0035CB41 /* SpriteKitDemoTvOSUITests.xctest */,
			);
			name = Products;
			sourceTree = "<group>";
		};
		A9BC13DB1C7246620035CB41 /* SpriteKitDemo */ = {
			isa = PBXGroup;
			children = (
				A9BC13DC1C7246620035CB41 /* AppDelegate.swift */,
				A9BC13DE1C7246620035CB41 /* ViewController.swift */,
				A9BC140A1C72467E0035CB41 /* MainScene.sks */,
				A9BC13E01C7246620035CB41 /* Main.storyboard */,
				A9BC13E31C7246620035CB41 /* Assets.xcassets */,
				A9BC13E51C7246620035CB41 /* LaunchScreen.storyboard */,
				A9BC13E81C7246620035CB41 /* Info.plist */,
			);
			path = SpriteKitDemo;
			sourceTree = "<group>";
		};
		A9BC14111C724B6B0035CB41 /* SpriteKitDemoTvOS */ = {
			isa = PBXGroup;
			children = (
				A9BC14161C724B6B0035CB41 /* Main.storyboard */,
				A9BC14191C724B6B0035CB41 /* Assets.xcassets */,
				A9BC141B1C724B6B0035CB41 /* Info.plist */,
			);
			path = SpriteKitDemoTvOS;
			sourceTree = "<group>";
		};
/* End PBXGroup section */

/* Begin PBXNativeTarget section */
		A9BC13D81C7246620035CB41 /* SpriteKitDemo */ = {
			isa = PBXNativeTarget;
			buildConfigurationList = A9BC14011C7246620035CB41 /* Build configuration list for PBXNativeTarget "SpriteKitDemo" */;
			buildPhases = (
				A9BC13D51C7246620035CB41 /* Sources */,
				A9BC13D61C7246620035CB41 /* Frameworks */,
				A9BC13D71C7246620035CB41 /* Resources */,
			);
			buildRules = (
			);
			dependencies = (
			);
			name = SpriteKitDemo;
			productName = SpriteKitDemo;
			productReference = A9BC13D91C7246620035CB41 /* SpriteKitDemo.app */;
			productType = "com.apple.product-type.application";
		};
		A9BC13EC1C7246620035CB41 /* SpriteKitDemoTests */ = {
			isa = PBXNativeTarget;
			buildConfigurationList = A9BC14041C7246620035CB41 /* Build configuration list for PBXNativeTarget "SpriteKitDemoTests" */;
			buildPhases = (
				A9BC13E91C7246620035CB41 /* Sources */,
				A9BC13EA1C7246620035CB41 /* Frameworks */,
				A9BC13EB1C7246620035CB41 /* Resources */,
			);
			buildRules = (
			);
			dependencies = (
				A9BC13EF1C7246620035CB41 /* PBXTargetDependency */,
			);
			name = SpriteKitDemoTests;
			productName = SpriteKitDemoTests;
			productReference = A9BC13ED1C7246620035CB41 /* SpriteKitDemoTests.xctest */;
			productType = "com.apple.product-type.bundle.unit-test";
		};
		A9BC13F71C7246620035CB41 /* SpriteKitDemoUITests */ = {
			isa = PBXNativeTarget;
			buildConfigurationList = A9BC14071C7246620035CB41 /* Build configuration list for PBXNativeTarget "SpriteKitDemoUITests" */;
			buildPhases = (
				A9BC13F41C7246620035CB41 /* Sources */,
				A9BC13F51C7246620035CB41 /* Frameworks */,
				A9BC13F61C7246620035CB41 /* Resources */,
			);
			buildRules = (
			);
			dependencies = (
				A9BC13FA1C7246620035CB41 /* PBXTargetDependency */,
			);
			name = SpriteKitDemoUITests;
			productName = SpriteKitDemoUITests;
			productReference = A9BC13F81C7246620035CB41 /* SpriteKitDemoUITests.xctest */;
			productType = "com.apple.product-type.bundle.ui-testing";
		};
		A9BC140F1C724B6B0035CB41 /* SpriteKitDemoTvOS */ = {
			isa = PBXNativeTarget;
			buildConfigurationList = A9BC14321C724B6C0035CB41 /* Build configuration list for PBXNativeTarget "SpriteKitDemoTvOS" */;
			buildPhases = (
				A9BC140C1C724B6B0035CB41 /* Sources */,
				A9BC140D1C724B6B0035CB41 /* Frameworks */,
				A9BC140E1C724B6B0035CB41 /* Resources */,
			);
			buildRules = (
			);
			dependencies = (
			);
			name = SpriteKitDemoTvOS;
			productName = SpriteKitDemoTvOS;
			productReference = A9BC14101C724B6B0035CB41 /* SpriteKitDemoTvOS.app */;
			productType = "com.apple.product-type.application";
		};
		A9BC141F1C724B6C0035CB41 /* SpriteKitDemoTvOSTests */ = {
			isa = PBXNativeTarget;
			buildConfigurationList = A9BC14351C724B6C0035CB41 /* Build configuration list for PBXNativeTarget "SpriteKitDemoTvOSTests" */;
			buildPhases = (
				A9BC141C1C724B6C0035CB41 /* Sources */,
				A9BC141D1C724B6C0035CB41 /* Frameworks */,
				A9BC141E1C724B6C0035CB41 /* Resources */,
			);
			buildRules = (
			);
			dependencies = (
				A9BC14221C724B6C0035CB41 /* PBXTargetDependency */,
			);
			name = SpriteKitDemoTvOSTests;
			productName = SpriteKitDemoTvOSTests;
			productReference = A9BC14201C724B6C0035CB41 /* SpriteKitDemoTvOSTests.xctest */;
			productType = "com.apple.product-type.bundle.unit-test";
		};
		A9BC142A1C724B6C0035CB41 /* SpriteKitDemoTvOSUITests */ = {
			isa = PBXNativeTarget;
			buildConfigurationList = A9BC14381C724B6C0035CB41 /* Build configuration list for PBXNativeTarget "SpriteKitDemoTvOSUITests" */;
			buildPhases = (
				A9BC14271C724B6C0035CB41 /* Sources */,
				A9BC14281C724B6C0035CB41 /* Frameworks */,
				A9BC14291C724B6C0035CB41 /* Resources */,
			);
			buildRules = (
			);
			dependencies = (
				A9BC142D1C724B6C0035CB41 /* PBXTargetDependency */,
			);
			name = SpriteKitDemoTvOSUITests;
			productName = SpriteKitDemoTvOSUITests;
			productReference = A9BC142B1C724B6C0035CB41 /* SpriteKitDemoTvOSUITests.xctest */;
			productType = "com.apple.product-type.bundle.ui-testing";
		};
/* End PBXNativeTarget section */

/* Begin PBXProject section */
		A9BC13D11C7246620035CB41 /* Project object */ = {
			isa = PBXProject;
			attributes = {
				LastSwiftUpdateCheck = 0720;
				LastUpgradeCheck = 0720;
				ORGANIZATIONNAME = Netlight;
				TargetAttributes = {
					A9BC13D81C7246620035CB41 = {
						CreatedOnToolsVersion = 7.2.1;
					};
					A9BC13EC1C7246620035CB41 = {
						CreatedOnToolsVersion = 7.2.1;
						TestTargetID = A9BC13D81C7246620035CB41;
					};
					A9BC13F71C7246620035CB41 = {
						CreatedOnToolsVersion = 7.2.1;
						TestTargetID = A9BC13D81C7246620035CB41;
					};
					A9BC140F1C724B6B0035CB41 = {
						CreatedOnToolsVersion = 7.2.1;
					};
					A9BC141F1C724B6C0035CB41 = {
						CreatedOnToolsVersion = 7.2.1;
						TestTargetID = A9BC140F1C724B6B0035CB41;
					};
					A9BC142A1C724B6C0035CB41 = {
						CreatedOnToolsVersion = 7.2.1;
						TestTargetID = A9BC140F1C724B6B0035CB41;
					};
				};
			};
			buildConfigurationList = A9BC13D41C7246620035CB41 /* Build configuration list for PBXProject "SpriteKitDemo" */;
			compatibilityVersion = "Xcode 3.2";
			developmentRegion = English;
			hasScannedForEncodings = 0;
			knownRegions = (
				en,
				Base,
			);
			mainGroup = A9BC13D01C7246620035CB41;
			productRefGroup = A9BC13DA1C7246620035CB41 /* Products */;
			projectDirPath = "";
			projectRoot = "";
			targets = (
				A9BC13D81C7246620035CB41 /* SpriteKitDemo */,
				A9BC13EC1C7246620035CB41 /* SpriteKitDemoTests */,
				A9BC13F71C7246620035CB41 /* SpriteKitDemoUITests */,
				A9BC140F1C724B6B0035CB41 /* SpriteKitDemoTvOS */,
				A9BC141F1C724B6C0035CB41 /* SpriteKitDemoTvOSTests */,
				A9BC142A1C724B6C0035CB41 /* SpriteKitDemoTvOSUITests */,
			);
		};
/* End PBXProject section */

/* Begin PBXResourcesBuildPhase section */
		A9BC13D71C7246620035CB41 /* Resources */ = {
			isa = PBXResourcesBuildPhase;
			buildActionMask = 2147483647;
			files = (
				A9BC13E71C7246620035CB41 /* LaunchScreen.storyboard in Resources */,
				A9BC13E41C7246620035CB41 /* Assets.xcassets in Resources */,
				A9BC140B1C72467E0035CB41 /* MainScene.sks in Resources */,
				A9BC13E21C7246620035CB41 /* Main.storyboard in Resources */,
			);
			runOnlyForDeploymentPostprocessing = 0;
		};
		A9BC13EB1C7246620035CB41 /* Resources */ = {
			isa = PBXResourcesBuildPhase;
			buildActionMask = 2147483647;
			files = (
			);
			runOnlyForDeploymentPostprocessing = 0;
		};
		A9BC13F61C7246620035CB41 /* Resources */ = {
			isa = PBXResourcesBuildPhase;
			buildActionMask = 2147483647;
			files = (
			);
			runOnlyForDeploymentPostprocessing = 0;
		};
		A9BC140E1C724B6B0035CB41 /* Resources */ = {
			isa = PBXResourcesBuildPhase;
			buildActionMask = 2147483647;
			files = (
				A9BC141A1C724B6B0035CB41 /* Assets.xcassets in Resources */,
				A9BC14181C724B6B0035CB41 /* Main.storyboard in Resources */,
				A9BC143D1C724C790035CB41 /* MainScene.sks in Resources */,
			);
			runOnlyForDeploymentPostprocessing = 0;
		};
		A9BC141E1C724B6C0035CB41 /* Resources */ = {
			isa = PBXResourcesBuildPhase;
			buildActionMask = 2147483647;
			files = (
			);
			runOnlyForDeploymentPostprocessing = 0;
		};
		A9BC14291C724B6C0035CB41 /* Resources */ = {
			isa = PBXResourcesBuildPhase;
			buildActionMask = 2147483647;
			files = (
			);
			runOnlyForDeploymentPostprocessing = 0;
		};
/* End PBXResourcesBuildPhase section */

/* Begin PBXSourcesBuildPhase section */
		A9BC13D51C7246620035CB41 /* Sources */ = {
			isa = PBXSourcesBuildPhase;
			buildActionMask = 2147483647;
			files = (
				A9BC13DF1C7246620035CB41 /* ViewController.swift in Sources */,
				A9BC13DD1C7246620035CB41 /* AppDelegate.swift in Sources */,
			);
			runOnlyForDeploymentPostprocessing = 0;
		};
		A9BC13E91C7246620035CB41 /* Sources */ = {
			isa = PBXSourcesBuildPhase;
			buildActionMask = 2147483647;
			files = (
			);
			runOnlyForDeploymentPostprocessing = 0;
		};
		A9BC13F41C7246620035CB41 /* Sources */ = {
			isa = PBXSourcesBuildPhase;
			buildActionMask = 2147483647;
			files = (
			);
			runOnlyForDeploymentPostprocessing = 0;
		};
		A9BC140C1C724B6B0035CB41 /* Sources */ = {
			isa = PBXSourcesBuildPhase;
			buildActionMask = 2147483647;
			files = (
				A9BC143C1C724C740035CB41 /* AppDelegate.swift in Sources */,
				A9BC143B1C724C710035CB41 /* ViewController.swift in Sources */,
			);
			runOnlyForDeploymentPostprocessing = 0;
		};
		A9BC141C1C724B6C0035CB41 /* Sources */ = {
			isa = PBXSourcesBuildPhase;
			buildActionMask = 2147483647;
			files = (
			);
			runOnlyForDeploymentPostprocessing = 0;
		};
		A9BC14271C724B6C0035CB41 /* Sources */ = {
			isa = PBXSourcesBuildPhase;
			buildActionMask = 2147483647;
			files = (
			);
			runOnlyForDeploymentPostprocessing = 0;
		};
/* End PBXSourcesBuildPhase section */

/* Begin PBXTargetDependency section */
		A9BC13EF1C7246620035CB41 /* PBXTargetDependency */ = {
			isa = PBXTargetDependency;
			target = A9BC13D81C7246620035CB41 /* SpriteKitDemo */;
			targetProxy = A9BC13EE1C7246620035CB41 /* PBXContainerItemProxy */;
		};
		A9BC13FA1C7246620035CB41 /* PBXTargetDependency */ = {
			isa = PBXTargetDependency;
			target = A9BC13D81C7246620035CB41 /* SpriteKitDemo */;
			targetProxy = A9BC13F91C7246620035CB41 /* PBXContainerItemProxy */;
		};
		A9BC14221C724B6C0035CB41 /* PBXTargetDependency */ = {
			isa = PBXTargetDependency;
			target = A9BC140F1C724B6B0035CB41 /* SpriteKitDemoTvOS */;
			targetProxy = A9BC14211C724B6C0035CB41 /* PBXContainerItemProxy */;
		};
		A9BC142D1C724B6C0035CB41 /* PBXTargetDependency */ = {
			isa = PBXTargetDependency;
			target = A9BC140F1C724B6B0035CB41 /* SpriteKitDemoTvOS */;
			targetProxy = A9BC142C1C724B6C0035CB41 /* PBXContainerItemProxy */;
		};
/* End PBXTargetDependency section */

/* Begin PBXVariantGroup section */
		A9BC13E01C7246620035CB41 /* Main.storyboard */ = {
			isa = PBXVariantGroup;
			children = (
				A9BC13E11C7246620035CB41 /* Base */,
			);
			name = Main.storyboard;
			sourceTree = "<group>";
		};
		A9BC13E51C7246620035CB41 /* LaunchScreen.storyboard */ = {
			isa = PBXVariantGroup;
			children = (
				A9BC13E61C7246620035CB41 /* Base */,
			);
			name = LaunchScreen.storyboard;
			sourceTree = "<group>";
		};
		A9BC14161C724B6B0035CB41 /* Main.storyboard */ = {
			isa = PBXVariantGroup;
			children = (
				A9BC14171C724B6B0035CB41 /* Base */,
			);
			name = Main.storyboard;
			sourceTree = "<group>";
		};
/* End PBXVariantGroup section */

/* Begin XCBuildConfiguration section */
		A9BC13FF1C7246620035CB41 /* Debug */ = {
			isa = XCBuildConfiguration;
			buildSettings = {
				ALWAYS_SEARCH_USER_PATHS = NO;
				CLANG_CXX_LANGUAGE_STANDARD = "gnu++0x";
				CLANG_CXX_LIBRARY = "libc++";
				CLANG_ENABLE_MODULES = YES;
				CLANG_ENABLE_OBJC_ARC = YES;
				CLANG_WARN_BOOL_CONVERSION = YES;
				CLANG_WARN_CONSTANT_CONVERSION = YES;
				CLANG_WARN_DIRECT_OBJC_ISA_USAGE = YES_ERROR;
				CLANG_WARN_EMPTY_BODY = YES;
				CLANG_WARN_ENUM_CONVERSION = YES;
				CLANG_WARN_INT_CONVERSION = YES;
				CLANG_WARN_OBJC_ROOT_CLASS = YES_ERROR;
				CLANG_WARN_UNREACHABLE_CODE = YES;
				CLANG_WARN__DUPLICATE_METHOD_MATCH = YES;
				"CODE_SIGN_IDENTITY[sdk=iphoneos*]" = "iPhone Developer";
				COPY_PHASE_STRIP = NO;
				DEBUG_INFORMATION_FORMAT = dwarf;
				ENABLE_STRICT_OBJC_MSGSEND = YES;
				ENABLE_TESTABILITY = YES;
				GCC_C_LANGUAGE_STANDARD = gnu99;
				GCC_DYNAMIC_NO_PIC = NO;
				GCC_NO_COMMON_BLOCKS = YES;
				GCC_OPTIMIZATION_LEVEL = 0;
				GCC_PREPROCESSOR_DEFINITIONS = (
					"DEBUG=1",
					"$(inherited)",
				);
				GCC_WARN_64_TO_32_BIT_CONVERSION = YES;
				GCC_WARN_ABOUT_RETURN_TYPE = YES_ERROR;
				GCC_WARN_UNDECLARED_SELECTOR = YES;
				GCC_WARN_UNINITIALIZED_AUTOS = YES_AGGRESSIVE;
				GCC_WARN_UNUSED_FUNCTION = YES;
				GCC_WARN_UNUSED_VARIABLE = YES;
				IPHONEOS_DEPLOYMENT_TARGET = 9.2;
				MTL_ENABLE_DEBUG_INFO = YES;
				ONLY_ACTIVE_ARCH = YES;
				SDKROOT = iphoneos;
				SWIFT_OPTIMIZATION_LEVEL = "-Onone";
				TARGETED_DEVICE_FAMILY = "1,2";
			};
			name = Debug;
		};
		A9BC14001C7246620035CB41 /* Release */ = {
			isa = XCBuildConfiguration;
			buildSettings = {
				ALWAYS_SEARCH_USER_PATHS = NO;
				CLANG_CXX_LANGUAGE_STANDARD = "gnu++0x";
				CLANG_CXX_LIBRARY = "libc++";
				CLANG_ENABLE_MODULES = YES;
				CLANG_ENABLE_OBJC_ARC = YES;
				CLANG_WARN_BOOL_CONVERSION = YES;
				CLANG_WARN_CONSTANT_CONVERSION = YES;
				CLANG_WARN_DIRECT_OBJC_ISA_USAGE = YES_ERROR;
				CLANG_WARN_EMPTY_BODY = YES;
				CLANG_WARN_ENUM_CONVERSION = YES;
				CLANG_WARN_INT_CONVERSION = YES;
				CLANG_WARN_OBJC_ROOT_CLASS = YES_ERROR;
				CLANG_WARN_UNREACHABLE_CODE = YES;
				CLANG_WARN__DUPLICATE_METHOD_MATCH = YES;
				"CODE_SIGN_IDENTITY[sdk=iphoneos*]" = "iPhone Developer";
				COPY_PHASE_STRIP = NO;
				DEBUG_INFORMATION_FORMAT = "dwarf-with-dsym";
				ENABLE_NS_ASSERTIONS = NO;
				ENABLE_STRICT_OBJC_MSGSEND = YES;
				GCC_C_LANGUAGE_STANDARD = gnu99;
				GCC_NO_COMMON_BLOCKS = YES;
				GCC_WARN_64_TO_32_BIT_CONVERSION = YES;
				GCC_WARN_ABOUT_RETURN_TYPE = YES_ERROR;
				GCC_WARN_UNDECLARED_SELECTOR = YES;
				GCC_WARN_UNINITIALIZED_AUTOS = YES_AGGRESSIVE;
				GCC_WARN_UNUSED_FUNCTION = YES;
				GCC_WARN_UNUSED_VARIABLE = YES;
				IPHONEOS_DEPLOYMENT_TARGET = 9.2;
				MTL_ENABLE_DEBUG_INFO = NO;
				SDKROOT = iphoneos;
				TARGETED_DEVICE_FAMILY = "1,2";
				VALIDATE_PRODUCT = YES;
			};
			name = Release;
		};
		A9BC14021C7246620035CB41 /* Debug */ = {
			isa = XCBuildConfiguration;
			buildSettings = {
				ASSETCATALOG_COMPILER_APPICON_NAME = AppIcon;
				INFOPLIST_FILE = SpriteKitDemo/Info.plist;
				LD_RUNPATH_SEARCH_PATHS = "$(inherited) @executable_path/Frameworks";
				PRODUCT_BUNDLE_IDENTIFIER = no.hakonknutzen.SpriteKitDemo;
				PRODUCT_NAME = "$(TARGET_NAME)";
			};
			name = Debug;
		};
		A9BC14031C7246620035CB41 /* Release */ = {
			isa = XCBuildConfiguration;
			buildSettings = {
				ASSETCATALOG_COMPILER_APPICON_NAME = AppIcon;
				INFOPLIST_FILE = SpriteKitDemo/Info.plist;
				LD_RUNPATH_SEARCH_PATHS = "$(inherited) @executable_path/Frameworks";
				PRODUCT_BUNDLE_IDENTIFIER = no.hakonknutzen.SpriteKitDemo;
				PRODUCT_NAME = "$(TARGET_NAME)";
			};
			name = Release;
		};
		A9BC14051C7246620035CB41 /* Debug */ = {
			isa = XCBuildConfiguration;
			buildSettings = {
				BUNDLE_LOADER = "$(TEST_HOST)";
				INFOPLIST_FILE = SpriteKitDemoTests/Info.plist;
				LD_RUNPATH_SEARCH_PATHS = "$(inherited) @executable_path/Frameworks @loader_path/Frameworks";
				PRODUCT_BUNDLE_IDENTIFIER = no.hakonknutzen.SpriteKitDemoTests;
				PRODUCT_NAME = "$(TARGET_NAME)";
				TEST_HOST = "$(BUILT_PRODUCTS_DIR)/SpriteKitDemo.app/SpriteKitDemo";
			};
			name = Debug;
		};
		A9BC14061C7246620035CB41 /* Release */ = {
			isa = XCBuildConfiguration;
			buildSettings = {
				BUNDLE_LOADER = "$(TEST_HOST)";
				INFOPLIST_FILE = SpriteKitDemoTests/Info.plist;
				LD_RUNPATH_SEARCH_PATHS = "$(inherited) @executable_path/Frameworks @loader_path/Frameworks";
				PRODUCT_BUNDLE_IDENTIFIER = no.hakonknutzen.SpriteKitDemoTests;
				PRODUCT_NAME = "$(TARGET_NAME)";
				TEST_HOST = "$(BUILT_PRODUCTS_DIR)/SpriteKitDemo.app/SpriteKitDemo";
			};
			name = Release;
		};
		A9BC14081C7246620035CB41 /* Debug */ = {
			isa = XCBuildConfiguration;
			buildSettings = {
				INFOPLIST_FILE = SpriteKitDemoUITests/Info.plist;
				LD_RUNPATH_SEARCH_PATHS = "$(inherited) @executable_path/Frameworks @loader_path/Frameworks";
				PRODUCT_BUNDLE_IDENTIFIER = no.hakonknutzen.SpriteKitDemoUITests;
				PRODUCT_NAME = "$(TARGET_NAME)";
				TEST_TARGET_NAME = SpriteKitDemo;
				USES_XCTRUNNER = YES;
			};
			name = Debug;
		};
		A9BC14091C7246620035CB41 /* Release */ = {
			isa = XCBuildConfiguration;
			buildSettings = {
				INFOPLIST_FILE = SpriteKitDemoUITests/Info.plist;
				LD_RUNPATH_SEARCH_PATHS = "$(inherited) @executable_path/Frameworks @loader_path/Frameworks";
				PRODUCT_BUNDLE_IDENTIFIER = no.hakonknutzen.SpriteKitDemoUITests;
				PRODUCT_NAME = "$(TARGET_NAME)";
				TEST_TARGET_NAME = SpriteKitDemo;
				USES_XCTRUNNER = YES;
			};
			name = Release;
		};
		A9BC14331C724B6C0035CB41 /* Debug */ = {
			isa = XCBuildConfiguration;
			buildSettings = {
				ASSETCATALOG_COMPILER_APPICON_NAME = "App Icon & Top Shelf Image";
				ASSETCATALOG_COMPILER_LAUNCHIMAGE_NAME = LaunchImage;
				INFOPLIST_FILE = SpriteKitDemoTvOS/Info.plist;
				LD_RUNPATH_SEARCH_PATHS = "$(inherited) @executable_path/Frameworks";
				PRODUCT_BUNDLE_IDENTIFIER = no.hakonknutzen.SpriteKitDemoTvOS;
				PRODUCT_NAME = "$(TARGET_NAME)";
				SDKROOT = appletvos;
				TARGETED_DEVICE_FAMILY = 3;
				TVOS_DEPLOYMENT_TARGET = 9.1;
			};
			name = Debug;
		};
		A9BC14341C724B6C0035CB41 /* Release */ = {
			isa = XCBuildConfiguration;
			buildSettings = {
				ASSETCATALOG_COMPILER_APPICON_NAME = "App Icon & Top Shelf Image";
				ASSETCATALOG_COMPILER_LAUNCHIMAGE_NAME = LaunchImage;
				INFOPLIST_FILE = SpriteKitDemoTvOS/Info.plist;
				LD_RUNPATH_SEARCH_PATHS = "$(inherited) @executable_path/Frameworks";
				PRODUCT_BUNDLE_IDENTIFIER = no.hakonknutzen.SpriteKitDemoTvOS;
				PRODUCT_NAME = "$(TARGET_NAME)";
				SDKROOT = appletvos;
				TARGETED_DEVICE_FAMILY = 3;
				TVOS_DEPLOYMENT_TARGET = 9.1;
			};
			name = Release;
		};
		A9BC14361C724B6C0035CB41 /* Debug */ = {
			isa = XCBuildConfiguration;
			buildSettings = {
				BUNDLE_LOADER = "$(TEST_HOST)";
				INFOPLIST_FILE = SpriteKitDemoTvOSTests/Info.plist;
				LD_RUNPATH_SEARCH_PATHS = "$(inherited) @executable_path/Frameworks @loader_path/Frameworks";
				PRODUCT_BUNDLE_IDENTIFIER = no.hakonknutzen.SpriteKitDemoTvOSTests;
				PRODUCT_NAME = "$(TARGET_NAME)";
				SDKROOT = appletvos;
				TEST_HOST = "$(BUILT_PRODUCTS_DIR)/SpriteKitDemoTvOS.app/SpriteKitDemoTvOS";
				TVOS_DEPLOYMENT_TARGET = 9.1;
			};
			name = Debug;
		};
		A9BC14371C724B6C0035CB41 /* Release */ = {
			isa = XCBuildConfiguration;
			buildSettings = {
				BUNDLE_LOADER = "$(TEST_HOST)";
				INFOPLIST_FILE = SpriteKitDemoTvOSTests/Info.plist;
				LD_RUNPATH_SEARCH_PATHS = "$(inherited) @executable_path/Frameworks @loader_path/Frameworks";
				PRODUCT_BUNDLE_IDENTIFIER = no.hakonknutzen.SpriteKitDemoTvOSTests;
				PRODUCT_NAME = "$(TARGET_NAME)";
				SDKROOT = appletvos;
				TEST_HOST = "$(BUILT_PRODUCTS_DIR)/SpriteKitDemoTvOS.app/SpriteKitDemoTvOS";
				TVOS_DEPLOYMENT_TARGET = 9.1;
			};
			name = Release;
		};
		A9BC14391C724B6C0035CB41 /* Debug */ = {
			isa = XCBuildConfiguration;
			buildSettings = {
				INFOPLIST_FILE = SpriteKitDemoTvOSUITests/Info.plist;
				LD_RUNPATH_SEARCH_PATHS = "$(inherited) @executable_path/Frameworks @loader_path/Frameworks";
				PRODUCT_BUNDLE_IDENTIFIER = no.hakonknutzen.SpriteKitDemoTvOSUITests;
				PRODUCT_NAME = "$(TARGET_NAME)";
				SDKROOT = appletvos;
				TEST_TARGET_NAME = SpriteKitDemoTvOS;
				TVOS_DEPLOYMENT_TARGET = 9.1;
				USES_XCTRUNNER = YES;
			};
			name = Debug;
		};
		A9BC143A1C724B6C0035CB41 /* Release */ = {
			isa = XCBuildConfiguration;
			buildSettings = {
				INFOPLIST_FILE = SpriteKitDemoTvOSUITests/Info.plist;
				LD_RUNPATH_SEARCH_PATHS = "$(inherited) @executable_path/Frameworks @loader_path/Frameworks";
				PRODUCT_BUNDLE_IDENTIFIER = no.hakonknutzen.SpriteKitDemoTvOSUITests;
				PRODUCT_NAME = "$(TARGET_NAME)";
				SDKROOT = appletvos;
				TEST_TARGET_NAME = SpriteKitDemoTvOS;
				TVOS_DEPLOYMENT_TARGET = 9.1;
				USES_XCTRUNNER = YES;
			};
			name = Release;
		};
/* End XCBuildConfiguration section */

/* Begin XCConfigurationList section */
		A9BC13D41C7246620035CB41 /* Build configuration list for PBXProject "SpriteKitDemo" */ = {
			isa = XCConfigurationList;
			buildConfigurations = (
				A9BC13FF1C7246620035CB41 /* Debug */,
				A9BC14001C7246620035CB41 /* Release */,
			);
			defaultConfigurationIsVisible = 0;
			defaultConfigurationName = Release;
		};
		A9BC14011C7246620035CB41 /* Build configuration list for PBXNativeTarget "SpriteKitDemo" */ = {
			isa = XCConfigurationList;
			buildConfigurations = (
				A9BC14021C7246620035CB41 /* Debug */,
				A9BC14031C7246620035CB41 /* Release */,
			);
			defaultConfigurationIsVisible = 0;
		};
		A9BC14041C7246620035CB41 /* Build configuration list for PBXNativeTarget "SpriteKitDemoTests" */ = {
			isa = XCConfigurationList;
			buildConfigurations = (
				A9BC14051C7246620035CB41 /* Debug */,
				A9BC14061C7246620035CB41 /* Release */,
			);
			defaultConfigurationIsVisible = 0;
		};
		A9BC14071C7246620035CB41 /* Build configuration list for PBXNativeTarget "SpriteKitDemoUITests" */ = {
			isa = XCConfigurationList;
			buildConfigurations = (
				A9BC14081C7246620035CB41 /* Debug */,
				A9BC14091C7246620035CB41 /* Release */,
			);
			defaultConfigurationIsVisible = 0;
		};
		A9BC14321C724B6C0035CB41 /* Build configuration list for PBXNativeTarget "SpriteKitDemoTvOS" */ = {
			isa = XCConfigurationList;
			buildConfigurations = (
				A9BC14331C724B6C0035CB41 /* Debug */,
				A9BC14341C724B6C0035CB41 /* Release */,
			);
			defaultConfigurationIsVisible = 0;
		};
		A9BC14351C724B6C0035CB41 /* Build configuration list for PBXNativeTarget "SpriteKitDemoTvOSTests" */ = {
			isa = XCConfigurationList;
			buildConfigurations = (
				A9BC14361C724B6C0035CB41 /* Debug */,
				A9BC14371C724B6C0035CB41 /* Release */,
			);
			defaultConfigurationIsVisible = 0;
		};
		A9BC14381C724B6C0035CB41 /* Build configuration list for PBXNativeTarget "SpriteKitDemoTvOSUITests" */ = {
			isa = XCConfigurationList;
			buildConfigurations = (
				A9BC14391C724B6C0035CB41 /* Debug */,
				A9BC143A1C724B6C0035CB41 /* Release */,
			);
			defaultConfigurationIsVisible = 0;
		};
/* End XCConfigurationList section */
	};
	rootObject = A9BC13D11C7246620035CB41 /* Project object */;
}
